
Microsoft Visual Studio Solution File, Format Version 12.00
# Visual Studio 15
VisualStudioVersion = 15.0.27703.2000
MinimumVisualStudioVersion = 10.0.40219.1
Project("{8BC9CEB8-8B4A-11D0-8D11-00A0C91BC942}") = "map CPP", "map CPP\map CPP.vcxproj", "{005F1B5A-885C-4D06-8B59-FCC49A31B385}"
EndProject
Global
	GlobalSection(SolutionConfigurationPlatforms) = preSolution
		Debug|x64 = Debug|x64
		Debug|x86 = Debug|x86
		Release|x64 = Release|x64
		Release|x86 = Release|x86
	EndGlobalSection
	GlobalSection(ProjectConfigurationPlatforms) = postSolution
		{005F1B5A-885C-4D06-8B59-FCC49A31B385}.Debug|x64.ActiveCfg = Debug|x64
		{005F1B5A-885C-4D06-8B59-FCC49A31B385}.Debug|x64.Build.0 = Debug|x64
		{005F1B5A-885C-4D06-8B59-FCC49A31B385}.Debug|x86.ActiveCfg = Debug|Win32
		{005F1B5A-885C-4D06-8B59-FCC49A31B385}.Debug|x86.Build.0 = Debug|Win32
		{005F1B5A-885C-4D06-8B59-FCC49A31B385}.Release|x64.ActiveCfg = Release|x64
		{005F1B5A-885C-4D06-8B59-FCC49A31B385}.Release|x64.Build.0 = Release|x64
		{005F1B5A-885C-4D06-8B59-FCC49A31B385}.Release|x86.ActiveCfg = Release|Win32
		{005F1B5A-885C-4D06-8B59-FCC49A31B385}.Release|x86.Build.0 = Release|Win32
	EndGlobalSection
	GlobalSection(SolutionProperties) = preSolution
		HideSolutionNode = FALSE
	EndGlobalSection
	GlobalSection(ExtensibilityGlobals) = postSolution
		SolutionGuid = {DF5961B1-CAFC-4C8D-93FE-4D96E4406F79}
	EndGlobalSection
EndGlobal
